
Microsoft Visual Studio Solution File, Format Version 12.00
# Visual Studio Version 17
VisualStudioVersion = 17.3.32825.248
MinimumVisualStudioVersion = 10.0.40219.1
Project("{FAE04EC0-301F-11D3-BF4B-00C04F79EFBC}") = "MVCnew", "MVCnew\MVCnew.csproj", "{5D37F840-816A-439F-97FA-8946ABD1A32E}"
EndProject
Global
	GlobalSection(SolutionConfigurationPlatforms) = preSolution
		Debug|Any CPU = Debug|Any CPU
		Release|Any CPU = Release|Any CPU
	EndGlobalSection
	GlobalSection(ProjectConfigurationPlatforms) = postSolution
		{5D37F840-816A-439F-97FA-8946ABD1A32E}.Debug|Any CPU.ActiveCfg = Debug|Any CPU
		{5D37F840-816A-439F-97FA-8946ABD1A32E}.Debug|Any CPU.Build.0 = Debug|Any CPU
		{5D37F840-816A-439F-97FA-8946ABD1A32E}.Release|Any CPU.ActiveCfg = Release|Any CPU
		{5D37F840-816A-439F-97FA-8946ABD1A32E}.Release|Any CPU.Build.0 = Release|Any CPU
	EndGlobalSection
	GlobalSection(SolutionProperties) = preSolution
		HideSolutionNode = FALSE
	EndGlobalSection
	GlobalSection(ExtensibilityGlobals) = postSolution
		SolutionGuid = {8F958A80-075A-4D0B-B797-F33627D84C15}
	EndGlobalSection
EndGlobal
