
Microsoft Visual Studio Solution File, Format Version 12.00
# Visual Studio Version 17
VisualStudioVersion = 17.3.32825.248
MinimumVisualStudioVersion = 10.0.40219.1
Project("{FAE04EC0-301F-11D3-BF4B-00C04F79EFBC}") = "ConsoleApp4", "ConsoleApp4\ConsoleApp4.csproj", "{AF1D3882-5C9A-40C5-A997-721A2DD8012F}"
EndProject
Global
	GlobalSection(SolutionConfigurationPlatforms) = preSolution
		Debug|Any CPU = Debug|Any CPU
		Release|Any CPU = Release|Any CPU
	EndGlobalSection
	GlobalSection(ProjectConfigurationPlatforms) = postSolution
		{AF1D3882-5C9A-40C5-A997-721A2DD8012F}.Debug|Any CPU.ActiveCfg = Debug|Any CPU
		{AF1D3882-5C9A-40C5-A997-721A2DD8012F}.Debug|Any CPU.Build.0 = Debug|Any CPU
		{AF1D3882-5C9A-40C5-A997-721A2DD8012F}.Release|Any CPU.ActiveCfg = Release|Any CPU
		{AF1D3882-5C9A-40C5-A997-721A2DD8012F}.Release|Any CPU.Build.0 = Release|Any CPU
	EndGlobalSection
	GlobalSection(SolutionProperties) = preSolution
		HideSolutionNode = FALSE
	EndGlobalSection
	GlobalSection(ExtensibilityGlobals) = postSolution
		SolutionGuid = {895C4856-DF37-42A5-83E8-4EDC0F650E93}
	EndGlobalSection
EndGlobal
